
Microsoft Visual Studio Solution File, Format Version 12.00
# Visual Studio 15
VisualStudioVersion = 15.0.27004.2009
MinimumVisualStudioVersion = 10.0.40219.1
Project("{2150E333-8FDC-42A3-9474-1A3956D46DE8}") = "Solution Items", "Solution Items", "{AD531F23-B6B7-4003-BD21-623683BE59CE}"
	ProjectSection(SolutionItems) = preProject
		..\docs\AndroidSetup.md = ..\docs\AndroidSetup.md
		..\docs\FacebookGraphRequests.md = ..\docs\FacebookGraphRequests.md
		..\docs\FacebookPortalSetup.md = ..\docs\FacebookPortalSetup.md
		..\docs\FAQ.md = ..\docs\FAQ.md
		..\docs\GettingStarted.md = ..\docs\GettingStarted.md
		..\docs\iOSSetup.md = ..\docs\iOSSetup.md
		..\README.md = ..\README.md
		..\docs\SharingContent.md = ..\docs\SharingContent.md
	EndProjectSection
EndProject
Project("{FAE04EC0-301F-11D3-BF4B-00C04F79EFBC}") = "Plugin.FacebookClient", "Plugin.FacebookClient\Plugin.FacebookClient.csproj", "{FF4A4CD5-77AB-4790-8791-22BE1277FFAC}"
EndProject
Global
	GlobalSection(SharedMSBuildProjectFiles) = preSolution
		Plugin.FacebookClient.Shared\Plugin.FacebookClient.Shared.projitems*{2882aeeb-d4cd-4eb9-8a6c-6653b33681f0}*SharedItemsImports = 4
		Plugin.FacebookClient.Shared\Plugin.FacebookClient.Shared.projitems*{56a56f17-7de1-4ca1-9617-bf32e971ac84}*SharedItemsImports = 4
		Plugin.FacebookClient.Shared\Plugin.FacebookClient.Shared.projitems*{cde01928-7412-479b-9760-eac724fcf02d}*SharedItemsImports = 13
	EndGlobalSection
	GlobalSection(SolutionConfigurationPlatforms) = preSolution
		Debug|Any CPU = Debug|Any CPU
		Debug|ARM = Debug|ARM
		Debug|x64 = Debug|x64
		Debug|x86 = Debug|x86
		Release|Any CPU = Release|Any CPU
		Release|ARM = Release|ARM
		Release|x64 = Release|x64
		Release|x86 = Release|x86
	EndGlobalSection
	GlobalSection(ProjectConfigurationPlatforms) = postSolution
		{FF4A4CD5-77AB-4790-8791-22BE1277FFAC}.Debug|Any CPU.ActiveCfg = Debug|Any CPU
		{FF4A4CD5-77AB-4790-8791-22BE1277FFAC}.Debug|Any CPU.Build.0 = Debug|Any CPU
	EndGlobalSection
	GlobalSection(SolutionProperties) = preSolution
		HideSolutionNode = FALSE
	EndGlobalSection
	GlobalSection(ExtensibilityGlobals) = postSolution
		SolutionGuid = {390BCAFB-D63B-42D9-8BC2-22FBD41D81BF}
	EndGlobalSection
EndGlobal
